
Microsoft Visual Studio Solution File, Format Version 12.00
# Visual Studio Version 17
VisualStudioVersion = 17.11.35303.130
MinimumVisualStudioVersion = 10.0.40219.1
Project("{FAE04EC0-301F-11D3-BF4B-00C04F79EFBC}") = "pr174", "pr174\pr174.csproj", "{2DC39322-3C89-4BE2-81C2-B04B926A22AF}"
EndProject
Global
	GlobalSection(SolutionConfigurationPlatforms) = preSolution
		Debug|Any CPU = Debug|Any CPU
		Release|Any CPU = Release|Any CPU
	EndGlobalSection
	GlobalSection(ProjectConfigurationPlatforms) = postSolution
		{2DC39322-3C89-4BE2-81C2-B04B926A22AF}.Debug|Any CPU.ActiveCfg = Debug|Any CPU
		{2DC39322-3C89-4BE2-81C2-B04B926A22AF}.Debug|Any CPU.Build.0 = Debug|Any CPU
		{2DC39322-3C89-4BE2-81C2-B04B926A22AF}.Release|Any CPU.ActiveCfg = Release|Any CPU
		{2DC39322-3C89-4BE2-81C2-B04B926A22AF}.Release|Any CPU.Build.0 = Release|Any CPU
	EndGlobalSection
	GlobalSection(SolutionProperties) = preSolution
		HideSolutionNode = FALSE
	EndGlobalSection
	GlobalSection(ExtensibilityGlobals) = postSolution
		SolutionGuid = {87BB8024-FB21-450F-A25A-D0A0B2C7DDA6}
	EndGlobalSection
EndGlobal
